hash: d2cd5b5acb033c90a47821d4c8df5d634c2f8ddf6269004abbe571cb2deb4b36
updated: 2016-04-27T01:10:06.4932795+03:00
imports:
- name: github.com/flosch/pongo2
  version: 7f5515449ea9bbeb00256d9cbb654c556e7d0146
  subpackages:
  - github.com\flosch\pongo2
- name: github.com/fsnotify/fsnotify
  version: 30411dbcefb7a1da7e84f75530ad3abe4011b4f8
  subpackages:
  - github.com\fsnotify\fsnotify
- name: github.com/klauspost/compress
  version: 14eb9c4951195779ecfbec34431a976de7335b0a
  subpackages:
  - flate
  - github.com\klauspost\compress\flate
  - github.com\klauspost\compress\gzip
  - github.com\klauspost\compress\zlib
- name: github.com/klauspost/cpuid
  version: 09cded8978dc9e80714c4d85b0322337b0a1e5e0
  subpackages:
  - github.com\klauspost\cpuid
- name: github.com/klauspost/crc32
  version: 19b0b332c9e4516a6370a0456e6182c3b5036720
  subpackages:
  - github.com\klauspost\crc32
- name: github.com/monoculum/formam
  version: c9236b3ed77d58a303689e381e2f0355b728b253
  subpackages:
  - github.com\monoculum\formam
- name: github.com/Unknwon/i18n
  version: 36ab726889618ef534ff5acd9a9041b97e661a98
  subpackages:
  - github.com\Unknwon\i18n
- name: github.com/valyala/fasthttp
  version: 229698876475fef591fb04fabba5479fc3182291
  subpackages:
  - github.com\valyala\fasthttp
  - github.com\valyala\fasthttp\fasthttpadaptor
- name: golang.org/x/net
  version: b797637b7aeeed133049c7281bfa31dcc9ca42d6
  subpackages:
  - golang.org\x\net\context
- name: golang.org/x/sys
  version: f64b50fbea64174967a8882830d621a18ee1548e
  subpackages:
  - unix
  - golang.org\x\sys\unix
- name: gopkg.in/ini.v1
  version: 12f418cc7edc5a618a51407b7ac1f1f512139df3
  subpackages:
  - gopkg.in\ini.v1
devImports: []
