hash: 27412419f856542949823407f446947b0d68376a907cc8d3c0071d33fc4d5e99
updated: 2016-06-30T17:27:11.6436557+03:00
imports:
- name: github.com/aymerick/raymond
  version: a2232af10b53ef1ae5a767f5178db3a6c1dab655
  subpackages:
  - github.com\aymerick\raymond
  - github.com\aymerick\raymond\ast
  - github.com\aymerick\raymond\parser
  - github.com\aymerick\raymond\lexer
- name: github.com/eknkc/amber
  version: 91774f050c1453128146169b626489e60108ec03
  subpackages:
  - github.com\eknkc\amber
  - github.com\eknkc\amber\parser
- name: github.com/fatih/color
  version: 87d4004f2ab62d0d255e0a38f1680aa534549fe3
  subpackages:
  - github.com\fatih\color
- name: github.com/flosch/pongo2
  version: 7f5515449ea9bbeb00256d9cbb654c556e7d0146
  subpackages:
  - github.com\flosch\pongo2
- name: github.com/fsnotify/fsnotify
  version: a8a77c9133d2d6fd8334f3260d06f60e8d80a5fb
  subpackages:
  - github.com\fsnotify\fsnotify
- name: github.com/garyburd/redigo
  version: b8dc90050f24c1a73a52f107f3f575be67b21b7c
  subpackages:
  - github.com\garyburd\redigo\redis
  - github.com\garyburd\redigo\internal
- name: github.com/imdario/mergo
  version: 50d4dbd4eb0e84778abe37cefef140271d96fade
  subpackages:
  - github.com\imdario\mergo
- name: github.com/iris-contrib/color
  version: 62c14c567492326ac5a952fb13e69533d2c6a735
  subpackages:
  - github.com\iris-contrib\color
- name: github.com/iris-contrib/errors
  version: 9d4599565f75fd376a8e4ae5ccc98fc078b93b69
  subpackages:
  - github.com\iris-contrib\errors
- name: github.com/iris-contrib/formBinder
  version: c311e88d3a2dd059c5d79c7ed3703cf0492088e3
  subpackages:
  - github.com\iris-contrib\formBinder
- name: github.com/iris-contrib/websocket
  version: a2c30084384c39ce6595169df8b93d7298ac04cd
  subpackages:
  - github.com\iris-contrib\websocket
- name: github.com/Joker/jade
  version: db4d7e4f68708c5020c392b380e3565df2132840
  subpackages:
  - github.com\Joker\jade
- name: github.com/kataras/cli
  version: df0553868c71f2a6410b9792b5a7f61710567f41
  subpackages:
  - github.com\kataras\cli
- name: github.com/kataras/rizla
  version: 55c8df3f037436b912c80e94449129bac9a5d24d
  subpackages:
  - github.com\kataras\rizla\rizla
- name: github.com/klauspost/compress
  version: 14eb9c4951195779ecfbec34431a976de7335b0a
  subpackages:
  - github.com\klauspost\compress\gzip
  - github.com\klauspost\compress\flate
  - github.com\klauspost\compress\zlib
- name: github.com/klauspost/cpuid
  version: 09cded8978dc9e80714c4d85b0322337b0a1e5e0
  subpackages:
  - github.com\klauspost\cpuid
- name: github.com/klauspost/crc32
  version: 19b0b332c9e4516a6370a0456e6182c3b5036720
  subpackages:
  - github.com\klauspost\crc32
- name: github.com/mattn/go-colorable
  version: 9056b7a9f2d1f2d96498d6d146acd1f9d5ed3d59
  subpackages:
  - github.com\mattn\go-colorable
- name: github.com/mattn/go-isatty
  version: 56b76bdf51f7708750eac80fa38b952bb9f32639
  subpackages:
  - github.com\mattn\go-isatty
- name: github.com/microcosm-cc/bluemonday
  version: 4ac6f27528d0a3f2a59e0b0a6f6b3ff0bb89fe20
  subpackages:
  - github.com\microcosm-cc\bluemonday
- name: github.com/russross/blackfriday
  version: 1d6b8e9301e720b08a8938b8c25c018285885438
  subpackages:
  - github.com\russross\blackfriday
- name: github.com/shurcooL/sanitized_anchor_name
  version: 10ef21a441db47d8b13ebcc5fd2310f636973c77
  subpackages:
  - github.com\shurcooL\sanitized_anchor_name
- name: github.com/valyala/bytebufferpool
  version: 21a4b2115581cdabcc9cd97b1624d56785fc407e
  subpackages:
  - github.com\valyala\bytebufferpool
- name: github.com/valyala/fasthttp
  version: 45697fe30a130ec6a54426a069c82f3abe76b63d
  subpackages:
  - github.com\valyala\fasthttp
  - github.com\valyala\fasthttp\fasthttpadaptor
  - github.com\valyala\fasthttp\fasthttputil
- name: golang.org/x/net
  version: 8e573f4005aa312856df2ea97c32b9beac70dd89
  subpackages:
  - golang.org\x\net\html
  - golang.org\x\net\html\atom
- name: golang.org/x/sys
  version: 62bee037599929a6e9146f29d10dd5208c43507d
  subpackages:
  - golang.org\x\sys\unix
devImports: []
