# This file is autogenerated, do not edit; changes may be undone by the next 'dep ensure'.


[[projects]]
  branch = "master"
  name = "github.com/BurntSushi/toml"
  packages = ["."]
  revision = "b26d9c308763d68093482582cea63d69be07a0f0"

[[projects]]
  branch = "master"
  name = "github.com/Joker/jade"
  packages = ["."]
  revision = "35b3f5bdbcc920cd31f4870536dbc63be8530541"

[[projects]]
  branch = "master"
  name = "github.com/Unknwon/i18n"
  packages = ["."]
  revision = "8372b908b5876d26cfa46a85fc4851b981dad102"

[[projects]]
  branch = "master"
  name = "github.com/ajg/form"
  packages = ["."]
  revision = "523a5da1a92f01b01f840b61689c0340a0243532"

[[projects]]
  branch = "master"
  name = "github.com/aymerick/raymond"
  packages = [".","ast","lexer","parser"]
  revision = "72acac2207479d21dd45898c2a4264246c818148"

[[projects]]
  name = "github.com/davecgh/go-spew"
  packages = ["spew"]
  revision = "346938d642f2ec3594ed81d874461961cd0faa76"
  version = "v1.1.0"

[[projects]]
  branch = "master"
  name = "github.com/eknkc/amber"
  packages = [".","parser"]
  revision = "f0d8fdb67f9f4a2c0d02fb6ce4830b8b6754de10"

[[projects]]
  branch = "master"
  name = "github.com/esemplastic/unis"
  packages = [".","logger"]
  revision = "6e30ed034e8cb31227b24057d030fdd0261bcfc6"

[[projects]]
  branch = "master"
  name = "github.com/fatih/structs"
  packages = ["."]
  revision = "74a29b9fac7397d933f47e33eba94d2d83a464a2"

[[projects]]
  branch = "master"
  name = "github.com/flosch/pongo2"
  packages = ["."]
  revision = "1d0f0d3af150c4a65dfd424d742f7374819e7d29"

[[projects]]
  name = "github.com/garyburd/redigo"
  packages = ["internal","redis"]
  revision = "433969511232c397de61b1442f9fd49ec06ae9ba"
  version = "v1.1.0"

[[projects]]
  branch = "master"
  name = "github.com/gavv/monotime"
  packages = ["."]
  revision = "47d58efa69556a936a3c15eb2ed42706d968ab01"

[[projects]]
  branch = "master"
  name = "github.com/getlantern/context"
  packages = ["."]
  revision = "624d99b1798d7c5375ea1d3ca4c5b04d58f7c775"

[[projects]]
  branch = "master"
  name = "github.com/getlantern/errors"
  packages = ["."]
  revision = "99fa440517e8f3d1e4cd8d6dbed6b41f4c1ed3d6"

[[projects]]
  branch = "master"
  name = "github.com/getlantern/filepersist"
  packages = ["."]
  revision = "c5f0cd24e7991579ba6f5f1bd20a1ad2c9f06cd4"

[[projects]]
  branch = "master"
  name = "github.com/getlantern/golog"
  packages = ["."]
  revision = "cca714f7feb5df8e455f409b549d384441ac4578"

[[projects]]
  branch = "master"
  name = "github.com/getlantern/hex"
  packages = ["."]
  revision = "083fba3033ad473db3dd31c9bb368473d37581a7"

[[projects]]
  branch = "master"
  name = "github.com/getlantern/hidden"
  packages = ["."]
  revision = "d52a649ab33af200943bb599898dbdcfdbc94cb7"

[[projects]]
  branch = "master"
  name = "github.com/getlantern/ops"
  packages = ["."]
  revision = "b70875f5d689a9438bca72aefd7142a2af889b18"

[[projects]]
  branch = "master"
  name = "github.com/getlantern/stack"
  packages = ["."]
  revision = "02f928aad224fbccd50d66edd776fc9d1e9f2f2b"

[[projects]]
  branch = "master"
  name = "github.com/google/go-querystring"
  packages = ["query"]
  revision = "53e6ce116135b80d037921a7fdd5138cf32d7a8a"

[[projects]]
  name = "github.com/gorilla/websocket"
  packages = ["."]
  revision = "3ab3a8b8831546bd18fd182c20687ca853b2bb13"
  version = "v1.1.0"

[[projects]]
  name = "github.com/imdario/mergo"
  packages = ["."]
  revision = "3e95a51e0639b4cf372f2ccf74c86749d747fbdc"
  version = "0.2.2"

[[projects]]
  branch = "master"
  name = "github.com/imkira/go-interpol"
  packages = ["."]
  revision = "5accad8134979a6ac504d456a6c7f1c53da237ca"

[[projects]]
  branch = "master"
  name = "github.com/iris-contrib/httpexpect"
  packages = ["."]
  revision = "ed44d3c477393b96a598a38730f128dffee33068"

[[projects]]
  branch = "master"
  name = "github.com/juju/errors"
  packages = ["."]
  revision = "8234c829496aaeae67c5c71235a2cbcc289e960a"

[[projects]]
  branch = "master"
  name = "github.com/klauspost/compress"
  packages = ["flate","gzip"]
  revision = "f3dce52e0576655d55fd69e74b63da96ad1108f3"

[[projects]]
  branch = "master"
  name = "github.com/klauspost/cpuid"
  packages = ["."]
  revision = "09cded8978dc9e80714c4d85b0322337b0a1e5e0"

[[projects]]
  branch = "master"
  name = "github.com/microcosm-cc/bluemonday"
  packages = ["."]
  revision = "e79763773ab6222ca1d5a7cbd9d62d83c1f77081"

[[projects]]
  branch = "master"
  name = "github.com/monoculum/formam"
  packages = ["."]
  revision = "334e05a3c7f95d500715d7c0405937ac933b28cb"

[[projects]]
  branch = "master"
  name = "github.com/moul/http2curl"
  packages = ["."]
  revision = "4e24498b31dba4683efb9d35c1c8a91e2eda28c8"

[[projects]]
  name = "github.com/pmezard/go-difflib"
  packages = ["difflib"]
  revision = "792786c7400a136282c1664665ae0a8db921c6c2"
  version = "v1.0.0"

[[projects]]
  branch = "master"
  name = "github.com/russross/blackfriday"
  packages = ["."]
  revision = "0ba0f2b6ed7c475a92e4df8641825cb7a11d1fa3"

[[projects]]
  branch = "master"
  name = "github.com/satori/go.uuid"
  packages = ["."]
  revision = "5bf94b69c6b68ee1b541973bb8e1144db23a194b"

[[projects]]
  branch = "master"
  name = "github.com/sergi/go-diff"
  packages = ["diffmatchpatch"]
  revision = "feef008d51ad2b3778f85d387ccf91735543008d"

[[projects]]
  branch = "master"
  name = "github.com/stretchr/testify"
  packages = ["assert","require"]
  revision = "f6abca593680b2315d2075e0f5e2a9751e3f431a"

[[projects]]
  branch = "master"
  name = "github.com/valyala/bytebufferpool"
  packages = ["."]
  revision = "e746df99fe4a3986f4d4f79e13c1e0117ce9c2f7"

[[projects]]
  branch = "master"
  name = "github.com/xeipuuv/gojsonpointer"
  packages = ["."]
  revision = "6fe8760cad3569743d51ddbb243b26f8456742dc"

[[projects]]
  branch = "master"
  name = "github.com/xeipuuv/gojsonreference"
  packages = ["."]
  revision = "e02fc20de94c78484cd5ffb007f8af96be030a45"

[[projects]]
  branch = "master"
  name = "github.com/xeipuuv/gojsonschema"
  packages = ["."]
  revision = "0c8571ac0ce161a5feb57375a9cdf148c98c0f70"

[[projects]]
  branch = "master"
  name = "github.com/yalp/jsonpath"
  packages = ["."]
  revision = "31a79c7593bb93eb10b163650d4a3e6ca190e4dc"

[[projects]]
  name = "github.com/yudai/gojsondiff"
  packages = [".","formatter"]
  revision = "7b1b7adf999dab73a6eb02669c3d82dbb27a3dd6"
  version = "1.0.0"

[[projects]]
  branch = "master"
  name = "github.com/yudai/golcs"
  packages = ["."]
  revision = "ecda9a501e8220fae3b4b600c3db4b0ba22cfc68"

[[projects]]
  branch = "master"
  name = "golang.org/x/crypto"
  packages = ["acme","acme/autocert"]
  revision = "e1a4589e7d3ea14a3352255d04b6f1a418845e5e"

[[projects]]
  branch = "master"
  name = "golang.org/x/net"
  packages = ["html","html/atom","idna","publicsuffix"]
  revision = "e4fa1c5465ad6111f206fc92186b8c83d64adbe1"

[[projects]]
  branch = "master"
  name = "golang.org/x/text"
  packages = ["internal/gen","internal/triegen","internal/ucd","secure/bidirule","transform","unicode/bidi","unicode/cldr","unicode/norm","unicode/rangetable"]
  revision = "ccbd3f7822129ff389f8ca4858a9b9d4d910531c"

[[projects]]
  name = "gopkg.in/ini.v1"
  packages = ["."]
  revision = "d3de07a94d22b4a0972deb4b96d790c2c0ce8333"
  version = "v1.28.0"

[[projects]]
  branch = "v2"
  name = "gopkg.in/yaml.v2"
  packages = ["."]
  revision = "cd8b52f8269e0feb286dfeef29f8fe4d5b397e0b"

[[projects]]
  branch = "master"
  name = "github.com/PuerkitoBio/goquery"
  packages = ["."]
  revision = "2dc93891ab3bcc1dbc2cbf9bc6376c37f6e6f289"

[solve-meta]
  analyzer-name = "dep"
  analyzer-version = 1
  inputs-digest = "415eba3367a3b497ce9c74414ba802d5902d5b7fefc7dfc99cff6af102ec40fe"
  solver-name = "gps-cdcl"
  solver-version = 1
